
Microsoft Visual Studio Solution File, Format Version 12.00
# Visual Studio Version 16
VisualStudioVersion = 16.0.33214.272
MinimumVisualStudioVersion = 10.0.40219.1
Project("{2150E333-8FDC-42A3-9474-1A3956D46DE8}") = "Tools", "Tools", "{0375DC55-B666-49C9-8995-665431899EFE}"
EndProject
Project("{8BC9CEB8-8B4A-11D0-8D11-00A0C91BC942}") = "Server", "GameServerDev\Server\Server.vcxproj", "{6EC41A50-D35F-43C0-97E3-A8B1E327F0C5}"
	ProjectSection(ProjectDependencies) = postProject
		{DA5A02AE-920A-4400-900B-EE99ADEF107B} = {DA5A02AE-920A-4400-900B-EE99ADEF107B}
		{90AD9CD1-D851-4D78-8188-90D9DE68DFE5} = {90AD9CD1-D851-4D78-8188-90D9DE68DFE5}
	EndProjectSection
EndProject
Project("{8BC9CEB8-8B4A-11D0-8D11-00A0C91BC942}") = "NetworkEngine", "GameServerDev\NetworkEngine\NetworkEngine.vcxproj", "{90AD9CD1-D851-4D78-8188-90D9DE68DFE5}"
EndProject
Project("{8BC9CEB8-8B4A-11D0-8D11-00A0C91BC942}") = "Client", "GameServerDev\Client\Client.vcxproj", "{CC2D8EAD-6D46-46FD-81B2-674CABA8DD07}"
	ProjectSection(ProjectDependencies) = postProject
		{DA5A02AE-920A-4400-900B-EE99ADEF107B} = {DA5A02AE-920A-4400-900B-EE99ADEF107B}
		{90AD9CD1-D851-4D78-8188-90D9DE68DFE5} = {90AD9CD1-D851-4D78-8188-90D9DE68DFE5}
	EndProjectSection
EndProject
Project("{888888A0-9F3D-457C-B088-3A5042F75D52}") = "ProtocolGenerator", "GameServerDev\Tools\ProtocolGenerator\ProtocolGenerator.pyproj", "{418F0C49-3E81-4952-80B7-92D89D46802C}"
EndProject
Project("{2150E333-8FDC-42A3-9474-1A3956D46DE8}") = "Protocol", "Protocol", "{360A443C-39B7-412A-9663-2827E3ADDE07}"
EndProject
Project("{8BC9CEB8-8B4A-11D0-8D11-00A0C91BC942}") = "MessageLib", "GameServerDev\MessageLib\MessageLib.vcxproj", "{DA5A02AE-920A-4400-900B-EE99ADEF107B}"
EndProject
Project("{2150E333-8FDC-42A3-9474-1A3956D46DE8}") = "Engine", "Engine", "{45D1F5AA-C694-4F14-8B09-D1B59705DF35}"
EndProject
Project("{2150E333-8FDC-42A3-9474-1A3956D46DE8}") = "App", "App", "{F51413FC-9E9E-4C3F-B4FD-3424AB6A92C1}"
EndProject
Project("{8BC9CEB8-8B4A-11D0-8D11-00A0C91BC942}") = "NetworkEngineTest", "GameServerDev\NetworkEngineTest\NetworkEngineTest.vcxproj", "{41892677-7593-4B91-AE1F-2FCD9FB3C43D}"
	ProjectSection(ProjectDependencies) = postProject
		{90AD9CD1-D851-4D78-8188-90D9DE68DFE5} = {90AD9CD1-D851-4D78-8188-90D9DE68DFE5}
	EndProjectSection
EndProject
Project("{8BC9CEB8-8B4A-11D0-8D11-00A0C91BC942}") = "ServerTest", "GameServerDev\ServerTest\ServerTest.vcxproj", "{18E3BAEF-38BF-4CFB-AF63-816F8967CBE3}"
	ProjectSection(ProjectDependencies) = postProject
		{DA5A02AE-920A-4400-900B-EE99ADEF107B} = {DA5A02AE-920A-4400-900B-EE99ADEF107B}
		{90AD9CD1-D851-4D78-8188-90D9DE68DFE5} = {90AD9CD1-D851-4D78-8188-90D9DE68DFE5}
	EndProjectSection
EndProject
Project("{2150E333-8FDC-42A3-9474-1A3956D46DE8}") = "Cache", "Cache", "{BB180C7A-7080-4259-B745-540BBFBC133F}"
EndProject
Project("{8BC9CEB8-8B4A-11D0-8D11-00A0C91BC942}") = "Repository", "GameServerDev\Repository\Repository.vcxproj", "{E013F093-CB8C-4A0D-995B-BEAB60EA9121}"
EndProject
Global
	GlobalSection(SolutionConfigurationPlatforms) = preSolution
		Debug|Any CPU = Debug|Any CPU
		Debug|x64 = Debug|x64
		Debug|x86 = Debug|x86
		Release|Any CPU = Release|Any CPU
		Release|x64 = Release|x64
		Release|x86 = Release|x86
	EndGlobalSection
	GlobalSection(ProjectConfigurationPlatforms) = postSolution
		{6EC41A50-D35F-43C0-97E3-A8B1E327F0C5}.Debug|Any CPU.ActiveCfg = Debug|x64
		{6EC41A50-D35F-43C0-97E3-A8B1E327F0C5}.Debug|Any CPU.Build.0 = Debug|x64
		{6EC41A50-D35F-43C0-97E3-A8B1E327F0C5}.Debug|x64.ActiveCfg = Debug|x64
		{6EC41A50-D35F-43C0-97E3-A8B1E327F0C5}.Debug|x64.Build.0 = Debug|x64
		{6EC41A50-D35F-43C0-97E3-A8B1E327F0C5}.Debug|x86.ActiveCfg = Debug|Win32
		{6EC41A50-D35F-43C0-97E3-A8B1E327F0C5}.Debug|x86.Build.0 = Debug|Win32
		{6EC41A50-D35F-43C0-97E3-A8B1E327F0C5}.Release|Any CPU.ActiveCfg = Release|x64
		{6EC41A50-D35F-43C0-97E3-A8B1E327F0C5}.Release|Any CPU.Build.0 = Release|x64
		{6EC41A50-D35F-43C0-97E3-A8B1E327F0C5}.Release|x64.ActiveCfg = Release|x64
		{6EC41A50-D35F-43C0-97E3-A8B1E327F0C5}.Release|x64.Build.0 = Release|x64
		{6EC41A50-D35F-43C0-97E3-A8B1E327F0C5}.Release|x86.ActiveCfg = Release|Win32
		{6EC41A50-D35F-43C0-97E3-A8B1E327F0C5}.Release|x86.Build.0 = Release|Win32
		{90AD9CD1-D851-4D78-8188-90D9DE68DFE5}.Debug|Any CPU.ActiveCfg = Debug|x64
		{90AD9CD1-D851-4D78-8188-90D9DE68DFE5}.Debug|Any CPU.Build.0 = Debug|x64
		{90AD9CD1-D851-4D78-8188-90D9DE68DFE5}.Debug|x64.ActiveCfg = Debug|x64
		{90AD9CD1-D851-4D78-8188-90D9DE68DFE5}.Debug|x64.Build.0 = Debug|x64
		{90AD9CD1-D851-4D78-8188-90D9DE68DFE5}.Debug|x86.ActiveCfg = Debug|Win32
		{90AD9CD1-D851-4D78-8188-90D9DE68DFE5}.Debug|x86.Build.0 = Debug|Win32
		{90AD9CD1-D851-4D78-8188-90D9DE68DFE5}.Release|Any CPU.ActiveCfg = Release|x64
		{90AD9CD1-D851-4D78-8188-90D9DE68DFE5}.Release|Any CPU.Build.0 = Release|x64
		{90AD9CD1-D851-4D78-8188-90D9DE68DFE5}.Release|x64.ActiveCfg = Release|x64
		{90AD9CD1-D851-4D78-8188-90D9DE68DFE5}.Release|x64.Build.0 = Release|x64
		{90AD9CD1-D851-4D78-8188-90D9DE68DFE5}.Release|x86.ActiveCfg = Release|Win32
		{90AD9CD1-D851-4D78-8188-90D9DE68DFE5}.Release|x86.Build.0 = Release|Win32
		{CC2D8EAD-6D46-46FD-81B2-674CABA8DD07}.Debug|Any CPU.ActiveCfg = Debug|x64
		{CC2D8EAD-6D46-46FD-81B2-674CABA8DD07}.Debug|Any CPU.Build.0 = Debug|x64
		{CC2D8EAD-6D46-46FD-81B2-674CABA8DD07}.Debug|x64.ActiveCfg = Debug|x64
		{CC2D8EAD-6D46-46FD-81B2-674CABA8DD07}.Debug|x64.Build.0 = Debug|x64
		{CC2D8EAD-6D46-46FD-81B2-674CABA8DD07}.Debug|x86.ActiveCfg = Debug|Win32
		{CC2D8EAD-6D46-46FD-81B2-674CABA8DD07}.Debug|x86.Build.0 = Debug|Win32
		{CC2D8EAD-6D46-46FD-81B2-674CABA8DD07}.Release|Any CPU.ActiveCfg = Release|x64
		{CC2D8EAD-6D46-46FD-81B2-674CABA8DD07}.Release|Any CPU.Build.0 = Release|x64
		{CC2D8EAD-6D46-46FD-81B2-674CABA8DD07}.Release|x64.ActiveCfg = Release|x64
		{CC2D8EAD-6D46-46FD-81B2-674CABA8DD07}.Release|x64.Build.0 = Release|x64
		{CC2D8EAD-6D46-46FD-81B2-674CABA8DD07}.Release|x86.ActiveCfg = Release|Win32
		{CC2D8EAD-6D46-46FD-81B2-674CABA8DD07}.Release|x86.Build.0 = Release|Win32
		{418F0C49-3E81-4952-80B7-92D89D46802C}.Debug|Any CPU.ActiveCfg = Debug|Any CPU
		{418F0C49-3E81-4952-80B7-92D89D46802C}.Debug|x64.ActiveCfg = Debug|Any CPU
		{418F0C49-3E81-4952-80B7-92D89D46802C}.Debug|x86.ActiveCfg = Debug|Any CPU
		{418F0C49-3E81-4952-80B7-92D89D46802C}.Release|Any CPU.ActiveCfg = Release|Any CPU
		{418F0C49-3E81-4952-80B7-92D89D46802C}.Release|x64.ActiveCfg = Release|Any CPU
		{418F0C49-3E81-4952-80B7-92D89D46802C}.Release|x86.ActiveCfg = Release|Any CPU
		{DA5A02AE-920A-4400-900B-EE99ADEF107B}.Debug|Any CPU.ActiveCfg = Debug|x64
		{DA5A02AE-920A-4400-900B-EE99ADEF107B}.Debug|Any CPU.Build.0 = Debug|x64
		{DA5A02AE-920A-4400-900B-EE99ADEF107B}.Debug|x64.ActiveCfg = Debug|x64
		{DA5A02AE-920A-4400-900B-EE99ADEF107B}.Debug|x64.Build.0 = Debug|x64
		{DA5A02AE-920A-4400-900B-EE99ADEF107B}.Debug|x86.ActiveCfg = Debug|Win32
		{DA5A02AE-920A-4400-900B-EE99ADEF107B}.Debug|x86.Build.0 = Debug|Win32
		{DA5A02AE-920A-4400-900B-EE99ADEF107B}.Release|Any CPU.ActiveCfg = Release|x64
		{DA5A02AE-920A-4400-900B-EE99ADEF107B}.Release|Any CPU.Build.0 = Release|x64
		{DA5A02AE-920A-4400-900B-EE99ADEF107B}.Release|x64.ActiveCfg = Release|x64
		{DA5A02AE-920A-4400-900B-EE99ADEF107B}.Release|x64.Build.0 = Release|x64
		{DA5A02AE-920A-4400-900B-EE99ADEF107B}.Release|x86.ActiveCfg = Release|Win32
		{DA5A02AE-920A-4400-900B-EE99ADEF107B}.Release|x86.Build.0 = Release|Win32
		{41892677-7593-4B91-AE1F-2FCD9FB3C43D}.Debug|Any CPU.ActiveCfg = Debug|x64
		{41892677-7593-4B91-AE1F-2FCD9FB3C43D}.Debug|Any CPU.Build.0 = Debug|x64
		{41892677-7593-4B91-AE1F-2FCD9FB3C43D}.Debug|x64.ActiveCfg = Debug|x64
		{41892677-7593-4B91-AE1F-2FCD9FB3C43D}.Debug|x64.Build.0 = Debug|x64
		{41892677-7593-4B91-AE1F-2FCD9FB3C43D}.Debug|x86.ActiveCfg = Debug|Win32
		{41892677-7593-4B91-AE1F-2FCD9FB3C43D}.Debug|x86.Build.0 = Debug|Win32
		{41892677-7593-4B91-AE1F-2FCD9FB3C43D}.Release|Any CPU.ActiveCfg = Release|x64
		{41892677-7593-4B91-AE1F-2FCD9FB3C43D}.Release|Any CPU.Build.0 = Release|x64
		{41892677-7593-4B91-AE1F-2FCD9FB3C43D}.Release|x64.ActiveCfg = Release|x64
		{41892677-7593-4B91-AE1F-2FCD9FB3C43D}.Release|x64.Build.0 = Release|x64
		{41892677-7593-4B91-AE1F-2FCD9FB3C43D}.Release|x86.ActiveCfg = Release|Win32
		{41892677-7593-4B91-AE1F-2FCD9FB3C43D}.Release|x86.Build.0 = Release|Win32
		{18E3BAEF-38BF-4CFB-AF63-816F8967CBE3}.Debug|Any CPU.ActiveCfg = Debug|Win32
		{18E3BAEF-38BF-4CFB-AF63-816F8967CBE3}.Debug|x64.ActiveCfg = Debug|x64
		{18E3BAEF-38BF-4CFB-AF63-816F8967CBE3}.Debug|x64.Build.0 = Debug|x64
		{18E3BAEF-38BF-4CFB-AF63-816F8967CBE3}.Debug|x86.ActiveCfg = Debug|Win32
		{18E3BAEF-38BF-4CFB-AF63-816F8967CBE3}.Debug|x86.Build.0 = Debug|Win32
		{18E3BAEF-38BF-4CFB-AF63-816F8967CBE3}.Release|Any CPU.ActiveCfg = Release|Win32
		{18E3BAEF-38BF-4CFB-AF63-816F8967CBE3}.Release|x64.ActiveCfg = Release|x64
		{18E3BAEF-38BF-4CFB-AF63-816F8967CBE3}.Release|x64.Build.0 = Release|x64
		{18E3BAEF-38BF-4CFB-AF63-816F8967CBE3}.Release|x86.ActiveCfg = Release|Win32
		{18E3BAEF-38BF-4CFB-AF63-816F8967CBE3}.Release|x86.Build.0 = Release|Win32
		{E013F093-CB8C-4A0D-995B-BEAB60EA9121}.Debug|Any CPU.ActiveCfg = Debug|Win32
		{E013F093-CB8C-4A0D-995B-BEAB60EA9121}.Debug|x64.ActiveCfg = Debug|x64
		{E013F093-CB8C-4A0D-995B-BEAB60EA9121}.Debug|x64.Build.0 = Debug|x64
		{E013F093-CB8C-4A0D-995B-BEAB60EA9121}.Debug|x86.ActiveCfg = Debug|Win32
		{E013F093-CB8C-4A0D-995B-BEAB60EA9121}.Debug|x86.Build.0 = Debug|Win32
		{E013F093-CB8C-4A0D-995B-BEAB60EA9121}.Release|Any CPU.ActiveCfg = Release|Win32
		{E013F093-CB8C-4A0D-995B-BEAB60EA9121}.Release|x64.ActiveCfg = Release|x64
		{E013F093-CB8C-4A0D-995B-BEAB60EA9121}.Release|x64.Build.0 = Release|x64
		{E013F093-CB8C-4A0D-995B-BEAB60EA9121}.Release|x86.ActiveCfg = Release|Win32
		{E013F093-CB8C-4A0D-995B-BEAB60EA9121}.Release|x86.Build.0 = Release|Win32
	EndGlobalSection
	GlobalSection(SolutionProperties) = preSolution
		HideSolutionNode = FALSE
	EndGlobalSection
	GlobalSection(NestedProjects) = preSolution
		{0375DC55-B666-49C9-8995-665431899EFE} = {360A443C-39B7-412A-9663-2827E3ADDE07}
		{6EC41A50-D35F-43C0-97E3-A8B1E327F0C5} = {F51413FC-9E9E-4C3F-B4FD-3424AB6A92C1}
		{90AD9CD1-D851-4D78-8188-90D9DE68DFE5} = {45D1F5AA-C694-4F14-8B09-D1B59705DF35}
		{CC2D8EAD-6D46-46FD-81B2-674CABA8DD07} = {F51413FC-9E9E-4C3F-B4FD-3424AB6A92C1}
		{418F0C49-3E81-4952-80B7-92D89D46802C} = {0375DC55-B666-49C9-8995-665431899EFE}
		{DA5A02AE-920A-4400-900B-EE99ADEF107B} = {360A443C-39B7-412A-9663-2827E3ADDE07}
		{41892677-7593-4B91-AE1F-2FCD9FB3C43D} = {45D1F5AA-C694-4F14-8B09-D1B59705DF35}
		{18E3BAEF-38BF-4CFB-AF63-816F8967CBE3} = {F51413FC-9E9E-4C3F-B4FD-3424AB6A92C1}
		{E013F093-CB8C-4A0D-995B-BEAB60EA9121} = {BB180C7A-7080-4259-B745-540BBFBC133F}
	EndGlobalSection
	GlobalSection(ExtensibilityGlobals) = postSolution
		SolutionGuid = {E3467D8A-3DF0-41B4-9000-755FFB76DA3D}
	EndGlobalSection
EndGlobal
