<?xml version="1.0" encoding="utf-8"?>
<Project ToolsVersion="4.0" xmlns="http://schemas.microsoft.com/developer/msbuild/2003">
  <ItemGroup>
    <Filter Include="ThirdParty">
      <UniqueIdentifier>{a1432cf0-3ea4-4f09-b778-c6e22c37ecea}</UniqueIdentifier>
    </Filter>
    <Filter Include="ThirdParty\tinyxml2">
      <UniqueIdentifier>{21e6e1d3-25d1-4fe7-a3dd-fa9e393d3209}</UniqueIdentifier>
    </Filter>
    <Filter Include="ThirdParty\MagicEnum">
      <UniqueIdentifier>{2c7783ca-6474-44f3-9c99-1062a0be030b}</UniqueIdentifier>
    </Filter>
    <Filter Include="Core">
      <UniqueIdentifier>{4b17811a-4979-4882-9c31-e52ee3cbf274}</UniqueIdentifier>
    </Filter>
    <Filter Include="Core\Network">
      <UniqueIdentifier>{6b3b98c8-42d5-45b3-9777-cf2008f7eb64}</UniqueIdentifier>
    </Filter>
    <Filter Include="Core\Network\IO">
      <UniqueIdentifier>{2c994438-4a19-405a-9145-b8b7f00ddca5}</UniqueIdentifier>
    </Filter>
    <Filter Include="Core\Network\Object">
      <UniqueIdentifier>{f5c2739e-ebec-4859-a594-d7e11c1dc890}</UniqueIdentifier>
    </Filter>
    <Filter Include="Core\Network\Socket">
      <UniqueIdentifier>{500c6004-bac0-471e-aa92-a0263141e626}</UniqueIdentifier>
    </Filter>
    <Filter Include="Types">
      <UniqueIdentifier>{f3a5d98c-294b-433e-9abc-14a2829ffa46}</UniqueIdentifier>
    </Filter>
    <Filter Include="Main">
      <UniqueIdentifier>{28128423-bfe3-4d5a-a58b-82333c4d0b0a}</UniqueIdentifier>
    </Filter>
    <Filter Include="Utils">
      <UniqueIdentifier>{b4e403ce-b700-4cb2-8069-215a377cdda1}</UniqueIdentifier>
    </Filter>
    <Filter Include="Core\Repository">
      <UniqueIdentifier>{76cc0be5-4192-4c5e-9ff4-3318bb139188}</UniqueIdentifier>
    </Filter>
    <Filter Include="Core\Network\Handshake">
      <UniqueIdentifier>{7f52113c-0848-4467-b3b6-cf5968c08149}</UniqueIdentifier>
    </Filter>
    <Filter Include="Core\Database">
      <UniqueIdentifier>{fea54945-713f-4a9b-8217-7d132b6157ff}</UniqueIdentifier>
    </Filter>
    <Filter Include="Core\Datastructure">
      <UniqueIdentifier>{bd48ee35-ddd5-4fdd-91a3-2a321394a5e8}</UniqueIdentifier>
    </Filter>
    <Filter Include="Core\System">
      <UniqueIdentifier>{7e0ad7d3-0d14-4e8d-b924-f3c6670e2f6a}</UniqueIdentifier>
    </Filter>
    <Filter Include="Core\Network\Buffer">
      <UniqueIdentifier>{683406d8-cf95-4de2-bbf4-14986a598014}</UniqueIdentifier>
    </Filter>
    <Filter Include="Core\Network\Session">
      <UniqueIdentifier>{2fea3130-7aaf-4176-91f7-a94edc474363}</UniqueIdentifier>
    </Filter>
    <Filter Include="Core\Network\Protocol">
      <UniqueIdentifier>{91f1dfd7-06cd-4b5d-a2a8-268f0dba7e6a}</UniqueIdentifier>
    </Filter>
    <Filter Include="Core\System\Actor">
      <UniqueIdentifier>{29a3626b-f726-4525-bb38-6ddc133ea089}</UniqueIdentifier>
    </Filter>
    <Filter Include="Core\System\Memory">
      <UniqueIdentifier>{d7b7c95e-d4c0-4882-a363-21eda929ebfb}</UniqueIdentifier>
    </Filter>
    <Filter Include="Core\Common">
      <UniqueIdentifier>{abb55291-904e-4eac-81b4-04576542c177}</UniqueIdentifier>
    </Filter>
    <Filter Include="Core\System\Exception">
      <UniqueIdentifier>{21363eb6-0e1c-482e-8eba-ebf2a59a0854}</UniqueIdentifier>
    </Filter>
    <Filter Include="Core\Network\Packet">
      <UniqueIdentifier>{d8aae6b2-b33f-405a-a4ea-fc9b1f1fe53a}</UniqueIdentifier>
    </Filter>
    <Filter Include="Core\Network\Service">
      <UniqueIdentifier>{7c3ecb25-47ab-4e7e-a0e1-11b3e9ff8c79}</UniqueIdentifier>
    </Filter>
  </ItemGroup>
  <ItemGroup>
    <ClInclude Include="ThirdParty\Tinyxml2\tinyxml2.h">
      <Filter>ThirdParty\tinyxml2</Filter>
    </ClInclude>
    <ClInclude Include="ThirdParty\MagicEnum\magic_enum.hpp">
      <Filter>ThirdParty\MagicEnum</Filter>
    </ClInclude>
    <ClInclude Include="ThirdParty\MagicEnum\magic_enum_containers.hpp">
      <Filter>ThirdParty\MagicEnum</Filter>
    </ClInclude>
    <ClInclude Include="ThirdParty\MagicEnum\magic_enum_format.hpp">
      <Filter>ThirdParty\MagicEnum</Filter>
    </ClInclude>
    <ClInclude Include="ThirdParty\MagicEnum\magic_enum_fuse.hpp">
      <Filter>ThirdParty\MagicEnum</Filter>
    </ClInclude>
    <ClInclude Include="ThirdParty\MagicEnum\magic_enum_switch.hpp">
      <Filter>ThirdParty\MagicEnum</Filter>
    </ClInclude>
    <ClInclude Include="Types\DateTime.h">
      <Filter>Types</Filter>
    </ClInclude>
    <ClInclude Include="Types\EndPoint.h">
      <Filter>Types</Filter>
    </ClInclude>
    <ClInclude Include="Types\Timer.h">
      <Filter>Types</Filter>
    </ClInclude>
    <ClInclude Include="Core\CoreDefine.h">
      <Filter>Core</Filter>
    </ClInclude>
    <ClInclude Include="Core\CoreMacro.h">
      <Filter>Core</Filter>
    </ClInclude>
    <ClInclude Include="Core\CorePch.h">
      <Filter>Core</Filter>
    </ClInclude>
    <ClInclude Include="Core\CoreStl.h">
      <Filter>Core</Filter>
    </ClInclude>
    <ClInclude Include="Core\CoreStruct.h">
      <Filter>Core</Filter>
    </ClInclude>
    <ClInclude Include="Core\Network\Socket\TcpActiveSocket.h">
      <Filter>Core\Network\Socket</Filter>
    </ClInclude>
    <ClInclude Include="Core\Network\Socket\TcpListenerSocket.h">
      <Filter>Core\Network\Socket</Filter>
    </ClInclude>
    <ClInclude Include="Core\Network\Socket\TcpSocket.h">
      <Filter>Core\Network\Socket</Filter>
    </ClInclude>
    <ClInclude Include="Core\Network\IO\IoEvent.h">
      <Filter>Core\Network\IO</Filter>
    </ClInclude>
    <ClInclude Include="Core\Network\Object\TcpListener.h">
      <Filter>Core\Network\Object</Filter>
    </ClInclude>
    <ClInclude Include="Core\Network\Object\TcpListenerBuilder.h">
      <Filter>Core\Network\Object</Filter>
    </ClInclude>
    <ClInclude Include="Core\Network\Object\TcpListenerNetwork.h">
      <Filter>Core\Network\Object</Filter>
    </ClInclude>
    <ClInclude Include="Core\Network\Object\TcpNetwork.h">
      <Filter>Core\Network\Object</Filter>
    </ClInclude>
    <ClInclude Include="pch.h">
      <Filter>Main</Filter>
    </ClInclude>
    <ClInclude Include="Types\Types.h">
      <Filter>Types</Filter>
    </ClInclude>
    <ClInclude Include="Utils\Crypto.h">
      <Filter>Utils</Filter>
    </ClInclude>
    <ClInclude Include="Utils\Enums.h">
      <Filter>Utils</Filter>
    </ClInclude>
    <ClInclude Include="Utils\NetUtils.h">
      <Filter>Utils</Filter>
    </ClInclude>
    <ClInclude Include="Utils\StringUtils.h">
      <Filter>Utils</Filter>
    </ClInclude>
    <ClInclude Include="Utils\SystemUtils.h">
      <Filter>Utils</Filter>
    </ClInclude>
    <ClInclude Include="Utils\TimeUtils.h">
      <Filter>Utils</Filter>
    </ClInclude>
    <ClInclude Include="Utils\Utils.h">
      <Filter>Utils</Filter>
    </ClInclude>
    <ClInclude Include="Utils\Xml.h">
      <Filter>Utils</Filter>
    </ClInclude>
    <ClInclude Include="Core\Network\Object\TcpNetworkEvent.h">
      <Filter>Core\Network\Object</Filter>
    </ClInclude>
    <ClInclude Include="Core\framework.h">
      <Filter>Core</Filter>
    </ClInclude>
    <ClInclude Include="Core\Repository\Entity.h">
      <Filter>Core\Repository</Filter>
    </ClInclude>
    <ClInclude Include="Core\Repository\EntityException.h">
      <Filter>Core\Repository</Filter>
    </ClInclude>
    <ClInclude Include="Core\Repository\PersistentRepository.h">
      <Filter>Core\Repository</Filter>
    </ClInclude>
    <ClInclude Include="Core\Repository\Repository.h">
      <Filter>Core\Repository</Filter>
    </ClInclude>
    <ClInclude Include="Core\Repository\RepositoryException.h">
      <Filter>Core\Repository</Filter>
    </ClInclude>
    <ClInclude Include="Utils\Reflection.h">
      <Filter>Utils</Filter>
    </ClInclude>
    <ClInclude Include="Core\Network\Handshake\ClientHandshake.h">
      <Filter>Core\Network\Handshake</Filter>
    </ClInclude>
    <ClInclude Include="Core\Network\Handshake\Handshake.h">
      <Filter>Core\Network\Handshake</Filter>
    </ClInclude>
    <ClInclude Include="Core\Network\Handshake\ServerHandshake.h">
      <Filter>Core\Network\Handshake</Filter>
    </ClInclude>
    <ClInclude Include="Core\Network\Object\TcpConnector.h">
      <Filter>Core\Network\Object</Filter>
    </ClInclude>
    <ClInclude Include="Core\Database\DatabaseManager.h">
      <Filter>Core\Database</Filter>
    </ClInclude>
    <ClInclude Include="Core\Database\DBConnection.h">
      <Filter>Core\Database</Filter>
    </ClInclude>
    <ClInclude Include="Core\Database\DBConnectionPool.h">
      <Filter>Core\Database</Filter>
    </ClInclude>
    <ClInclude Include="Core\Database\DBStatement.h">
      <Filter>Core\Database</Filter>
    </ClInclude>
    <ClInclude Include="Core\Database\DBTransaction.h">
      <Filter>Core\Database</Filter>
    </ClInclude>
    <ClInclude Include="Core\Database\DBUtils.h">
      <Filter>Core\Database</Filter>
    </ClInclude>
    <ClInclude Include="Core\Datastructure\LRUCache.h">
      <Filter>Core\Datastructure</Filter>
    </ClInclude>
    <ClInclude Include="Core\Datastructure\MPSCQueue.h">
      <Filter>Core\Datastructure</Filter>
    </ClInclude>
    <ClInclude Include="Core\System\ExecutionContext.h">
      <Filter>Core\System</Filter>
    </ClInclude>
    <ClInclude Include="Core\System\ThreadContext.h">
      <Filter>Core\System</Filter>
    </ClInclude>
    <ClInclude Include="Core\System\GlobalWaitingQueue.h">
      <Filter>Core\System</Filter>
    </ClInclude>
    <ClInclude Include="Core\Network\Buffer\BufferSegment.h">
      <Filter>Core\Network\Buffer</Filter>
    </ClInclude>
    <ClInclude Include="Core\Network\Buffer\BufferSource.h">
      <Filter>Core\Network\Buffer</Filter>
    </ClInclude>
    <ClInclude Include="Core\Network\Buffer\NetworkStream.h">
      <Filter>Core\Network\Buffer</Filter>
    </ClInclude>
    <ClInclude Include="Core\Network\Buffer\RecvBuffer.h">
      <Filter>Core\Network\Buffer</Filter>
    </ClInclude>
    <ClInclude Include="Core\Network\Buffer\SendBuffer.h">
      <Filter>Core\Network\Buffer</Filter>
    </ClInclude>
    <ClInclude Include="Core\System\Actor\Actor.h">
      <Filter>Core\System\Actor</Filter>
    </ClInclude>
    <ClInclude Include="Core\System\Actor\Message.h">
      <Filter>Core\System\Actor</Filter>
    </ClInclude>
    <ClInclude Include="Core\System\Actor\MessageQueue.h">
      <Filter>Core\System\Actor</Filter>
    </ClInclude>
    <ClInclude Include="Core\System\Memory\MemoryPool.h">
      <Filter>Core\System\Memory</Filter>
    </ClInclude>
    <ClInclude Include="Core\System\Memory\PoolObject.h">
      <Filter>Core\System\Memory</Filter>
    </ClInclude>
    <ClInclude Include="Core\Network\IO\IoContext.h">
      <Filter>Core\Network\IO</Filter>
    </ClInclude>
    <ClInclude Include="Core\Common\Builder.h">
      <Filter>Core\Common</Filter>
    </ClInclude>
    <ClInclude Include="Core\Common\ClientCommon.h">
      <Filter>Core\Common</Filter>
    </ClInclude>
    <ClInclude Include="Core\Common\Common.h">
      <Filter>Core\Common</Filter>
    </ClInclude>
    <ClInclude Include="Core\Common\Config.h">
      <Filter>Core\Common</Filter>
    </ClInclude>
    <ClInclude Include="Core\Common\Logger.h">
      <Filter>Core\Common</Filter>
    </ClInclude>
    <ClInclude Include="Core\Common\ServerCommon.h">
      <Filter>Core\Common</Filter>
    </ClInclude>
    <ClInclude Include="Core\Common\Singleton.h">
      <Filter>Core\Common</Filter>
    </ClInclude>
    <ClInclude Include="Core\Common\StringBuffer.h">
      <Filter>Core\Common</Filter>
    </ClInclude>
    <ClInclude Include="Core\Common\ThreadStaticSingleton.h">
      <Filter>Core\Common</Filter>
    </ClInclude>
    <ClInclude Include="Core\System\Exception\SehException.h">
      <Filter>Core\System\Exception</Filter>
    </ClInclude>
    <ClInclude Include="Core\Network\Protocol\InternalProtocol.h">
      <Filter>Core\Network\Protocol</Filter>
    </ClInclude>
    <ClInclude Include="Core\Network\Protocol\Protocol.h">
      <Filter>Core\Network\Protocol</Filter>
    </ClInclude>
    <ClInclude Include="Core\Network\Session\ClientSession.h">
      <Filter>Core\Network\Session</Filter>
    </ClInclude>
    <ClInclude Include="Core\Network\Session\ServerSession.h">
      <Filter>Core\Network\Session</Filter>
    </ClInclude>
    <ClInclude Include="Core\Network\Session\SessionBase.h">
      <Filter>Core\Network\Session</Filter>
    </ClInclude>
    <ClInclude Include="Core\Network\Session\SessionManager.h">
      <Filter>Core\Network\Session</Filter>
    </ClInclude>
    <ClInclude Include="Core\Network\Packet\GamePacketInstaller.h">
      <Filter>Core\Network\Packet</Filter>
    </ClInclude>
    <ClInclude Include="Core\Network\Packet\InternalPacketHandler.h">
      <Filter>Core\Network\Packet</Filter>
    </ClInclude>
    <ClInclude Include="Core\Network\Packet\PacketHandler.h">
      <Filter>Core\Network\Packet</Filter>
    </ClInclude>
    <ClInclude Include="Core\Network\Packet\PacketHeader.h">
      <Filter>Core\Network\Packet</Filter>
    </ClInclude>
    <ClInclude Include="Core\Network\Packet\Serializer.h">
      <Filter>Core\Network\Packet</Filter>
    </ClInclude>
    <ClInclude Include="Core\Network\Service\ClientService.h">
      <Filter>Core\Network\Service</Filter>
    </ClInclude>
    <ClInclude Include="Core\Network\Service\ClientServiceBuilder.h">
      <Filter>Core\Network\Service</Filter>
    </ClInclude>
    <ClInclude Include="Core\Network\Service\ServerService.h">
      <Filter>Core\Network\Service</Filter>
    </ClInclude>
    <ClInclude Include="Core\Network\Service\ServerServiceBuilder.h">
      <Filter>Core\Network\Service</Filter>
    </ClInclude>
    <ClInclude Include="Core\Network\Service\ServiceBase.h">
      <Filter>Core\Network\Service</Filter>
    </ClInclude>
    <ClInclude Include="Core\Common\ThreadId.h">
      <Filter>Core\Common</Filter>
    </ClInclude>
  </ItemGroup>
  <ItemGroup>
    <ClCompile Include="ThirdParty\Tinyxml2\tinyxml2.cpp">
      <Filter>ThirdParty\tinyxml2</Filter>
    </ClCompile>
    <ClCompile Include="Types\DateTime.cpp">
      <Filter>Types</Filter>
    </ClCompile>
    <ClCompile Include="Types\EndPoint.cpp">
      <Filter>Types</Filter>
    </ClCompile>
    <ClCompile Include="Core\Network\Socket\TcpActiveSocket.cpp">
      <Filter>Core\Network\Socket</Filter>
    </ClCompile>
    <ClCompile Include="Core\Network\Socket\TcpListenerSocket.cpp">
      <Filter>Core\Network\Socket</Filter>
    </ClCompile>
    <ClCompile Include="Core\Network\Socket\TcpSocket.cpp">
      <Filter>Core\Network\Socket</Filter>
    </ClCompile>
    <ClCompile Include="Core\Network\IO\IoEvent.cpp">
      <Filter>Core\Network\IO</Filter>
    </ClCompile>
    <ClCompile Include="Core\Network\Object\TcpListener.cpp">
      <Filter>Core\Network\Object</Filter>
    </ClCompile>
    <ClCompile Include="Core\Network\Object\TcpListenerBuilder.cpp">
      <Filter>Core\Network\Object</Filter>
    </ClCompile>
    <ClCompile Include="Core\Network\Object\TcpListenerNetwork.cpp">
      <Filter>Core\Network\Object</Filter>
    </ClCompile>
    <ClCompile Include="Core\Network\Object\TcpNetwork.cpp">
      <Filter>Core\Network\Object</Filter>
    </ClCompile>
    <ClCompile Include="pch.cpp">
      <Filter>Main</Filter>
    </ClCompile>
    <ClCompile Include="Utils\Crypto.cpp">
      <Filter>Utils</Filter>
    </ClCompile>
    <ClCompile Include="Utils\Enums.cpp">
      <Filter>Utils</Filter>
    </ClCompile>
    <ClCompile Include="Utils\NetUtils.cpp">
      <Filter>Utils</Filter>
    </ClCompile>
    <ClCompile Include="Utils\StringUtils.cpp">
      <Filter>Utils</Filter>
    </ClCompile>
    <ClCompile Include="Utils\SystemUtils.cpp">
      <Filter>Utils</Filter>
    </ClCompile>
    <ClCompile Include="Utils\TimeUtils.cpp">
      <Filter>Utils</Filter>
    </ClCompile>
    <ClCompile Include="Utils\Xml.cpp">
      <Filter>Utils</Filter>
    </ClCompile>
    <ClCompile Include="Core\Network\Object\TcpNetworkEvent.cpp">
      <Filter>Core\Network\Object</Filter>
    </ClCompile>
    <ClCompile Include="Core\CorePch.cpp">
      <Filter>Core</Filter>
    </ClCompile>
    <ClCompile Include="Core\Repository\Entity.cpp">
      <Filter>Core\Repository</Filter>
    </ClCompile>
    <ClCompile Include="Core\Repository\EntityException.cpp">
      <Filter>Core\Repository</Filter>
    </ClCompile>
    <ClCompile Include="Core\Repository\PersistentRepository.cpp">
      <Filter>Core\Repository</Filter>
    </ClCompile>
    <ClCompile Include="Core\Repository\Repository.cpp">
      <Filter>Core\Repository</Filter>
    </ClCompile>
    <ClCompile Include="Core\Repository\RepositoryException.cpp">
      <Filter>Core\Repository</Filter>
    </ClCompile>
    <ClCompile Include="Utils\Reflection.cpp">
      <Filter>Utils</Filter>
    </ClCompile>
    <ClCompile Include="Core\Network\Handshake\ClientHandshake.cpp">
      <Filter>Core\Network\Handshake</Filter>
    </ClCompile>
    <ClCompile Include="Core\Network\Handshake\Handshake.cpp">
      <Filter>Core\Network\Handshake</Filter>
    </ClCompile>
    <ClCompile Include="Core\Network\Handshake\ServerHandshake.cpp">
      <Filter>Core\Network\Handshake</Filter>
    </ClCompile>
    <ClCompile Include="Core\Network\Object\TcpConnector.cpp">
      <Filter>Core\Network\Object</Filter>
    </ClCompile>
    <ClCompile Include="Core\Database\DatabaseManager.cpp">
      <Filter>Core\Database</Filter>
    </ClCompile>
    <ClCompile Include="Core\Database\DBConnection.cpp">
      <Filter>Core\Database</Filter>
    </ClCompile>
    <ClCompile Include="Core\Database\DBConnectionPool.cpp">
      <Filter>Core\Database</Filter>
    </ClCompile>
    <ClCompile Include="Core\Database\DBStatement.cpp">
      <Filter>Core\Database</Filter>
    </ClCompile>
    <ClCompile Include="Core\Database\DBTransaction.cpp">
      <Filter>Core\Database</Filter>
    </ClCompile>
    <ClCompile Include="Core\Datastructure\LRUCache.cpp">
      <Filter>Core\Datastructure</Filter>
    </ClCompile>
    <ClCompile Include="Core\Datastructure\MPSCQueue.cpp">
      <Filter>Core\Datastructure</Filter>
    </ClCompile>
    <ClCompile Include="Core\System\ExecutionContext.cpp">
      <Filter>Core\System</Filter>
    </ClCompile>
    <ClCompile Include="Core\System\ThreadContext.cpp">
      <Filter>Core\System</Filter>
    </ClCompile>
    <ClCompile Include="Core\System\GlobalWaitingQueue.cpp">
      <Filter>Core\System</Filter>
    </ClCompile>
    <ClCompile Include="Core\Network\Buffer\BufferSegment.cpp">
      <Filter>Core\Network\Buffer</Filter>
    </ClCompile>
    <ClCompile Include="Core\Network\Buffer\BufferSource.cpp">
      <Filter>Core\Network\Buffer</Filter>
    </ClCompile>
    <ClCompile Include="Core\Network\Buffer\NetworkStream.cpp">
      <Filter>Core\Network\Buffer</Filter>
    </ClCompile>
    <ClCompile Include="Core\Network\Buffer\RecvBuffer.cpp">
      <Filter>Core\Network\Buffer</Filter>
    </ClCompile>
    <ClCompile Include="Core\Network\Buffer\SendBuffer.cpp">
      <Filter>Core\Network\Buffer</Filter>
    </ClCompile>
    <ClCompile Include="Core\System\Actor\Actor.cpp">
      <Filter>Core\System\Actor</Filter>
    </ClCompile>
    <ClCompile Include="Core\System\Actor\Message.cpp">
      <Filter>Core\System\Actor</Filter>
    </ClCompile>
    <ClCompile Include="Core\System\Actor\MessageQueue.cpp">
      <Filter>Core\System\Actor</Filter>
    </ClCompile>
    <ClCompile Include="Core\System\Memory\MemoryPool.cpp">
      <Filter>Core\System\Memory</Filter>
    </ClCompile>
    <ClCompile Include="Core\System\Memory\PoolObject.cpp">
      <Filter>Core\System\Memory</Filter>
    </ClCompile>
    <ClCompile Include="Core\Network\IO\IoContext.cpp">
      <Filter>Core\Network\IO</Filter>
    </ClCompile>
    <ClCompile Include="Core\Common\Builder.cpp">
      <Filter>Core\Common</Filter>
    </ClCompile>
    <ClCompile Include="Core\Common\Config.cpp">
      <Filter>Core\Common</Filter>
    </ClCompile>
    <ClCompile Include="Core\Common\Logger.cpp">
      <Filter>Core\Common</Filter>
    </ClCompile>
    <ClCompile Include="Core\Common\StringBuffer.cpp">
      <Filter>Core\Common</Filter>
    </ClCompile>
    <ClCompile Include="Core\System\Exception\SehException.cpp">
      <Filter>Core\System\Exception</Filter>
    </ClCompile>
    <ClCompile Include="Core\Network\Protocol\InternalProtocol.cpp">
      <Filter>Core\Network\Protocol</Filter>
    </ClCompile>
    <ClCompile Include="Core\Network\Protocol\Protocol.cpp">
      <Filter>Core\Network\Protocol</Filter>
    </ClCompile>
    <ClCompile Include="Core\Network\Session\ClientSession.cpp">
      <Filter>Core\Network\Session</Filter>
    </ClCompile>
    <ClCompile Include="Core\Network\Session\ServerSession.cpp">
      <Filter>Core\Network\Session</Filter>
    </ClCompile>
    <ClCompile Include="Core\Network\Session\SessionBase.cpp">
      <Filter>Core\Network\Session</Filter>
    </ClCompile>
    <ClCompile Include="Core\Network\Session\SessionManager.cpp">
      <Filter>Core\Network\Session</Filter>
    </ClCompile>
    <ClCompile Include="Core\Network\Packet\GamePacketInstaller.cpp">
      <Filter>Core\Network\Packet</Filter>
    </ClCompile>
    <ClCompile Include="Core\Network\Packet\InternalPacketHandler.cpp">
      <Filter>Core\Network\Packet</Filter>
    </ClCompile>
    <ClCompile Include="Core\Network\Packet\PacketHandler.cpp">
      <Filter>Core\Network\Packet</Filter>
    </ClCompile>
    <ClCompile Include="Core\Network\Packet\PacketHeader.cpp">
      <Filter>Core\Network\Packet</Filter>
    </ClCompile>
    <ClCompile Include="Core\Network\Packet\Serializer.cpp">
      <Filter>Core\Network\Packet</Filter>
    </ClCompile>
    <ClCompile Include="Core\Network\Service\ClientService.cpp">
      <Filter>Core\Network\Service</Filter>
    </ClCompile>
    <ClCompile Include="Core\Network\Service\ClientServiceBuilder.cpp">
      <Filter>Core\Network\Service</Filter>
    </ClCompile>
    <ClCompile Include="Core\Network\Service\ServerService.cpp">
      <Filter>Core\Network\Service</Filter>
    </ClCompile>
    <ClCompile Include="Core\Network\Service\ServerServiceBuilder.cpp">
      <Filter>Core\Network\Service</Filter>
    </ClCompile>
    <ClCompile Include="Core\Network\Service\ServiceBase.cpp">
      <Filter>Core\Network\Service</Filter>
    </ClCompile>
  </ItemGroup>
  <ItemGroup>
    <None Include="..\..\.gitignore" />
    <None Include="..\..\README.md" />
  </ItemGroup>
</Project>