<?xml version="1.0" encoding="utf-8"?>
<Project ToolsVersion="4.0" xmlns="http://schemas.microsoft.com/developer/msbuild/2003">
  <ItemGroup>
    <Filter Include="ThirdParty">
      <UniqueIdentifier>{a1432cf0-3ea4-4f09-b778-c6e22c37ecea}</UniqueIdentifier>
    </Filter>
    <Filter Include="ThirdParty\tinyxml2">
      <UniqueIdentifier>{21e6e1d3-25d1-4fe7-a3dd-fa9e393d3209}</UniqueIdentifier>
    </Filter>
    <Filter Include="ThirdParty\MagicEnum">
      <UniqueIdentifier>{2c7783ca-6474-44f3-9c99-1062a0be030b}</UniqueIdentifier>
    </Filter>
    <Filter Include="Core">
      <UniqueIdentifier>{4b17811a-4979-4882-9c31-e52ee3cbf274}</UniqueIdentifier>
    </Filter>
    <Filter Include="Core\Network">
      <UniqueIdentifier>{6b3b98c8-42d5-45b3-9777-cf2008f7eb64}</UniqueIdentifier>
    </Filter>
    <Filter Include="Core\Network\IO">
      <UniqueIdentifier>{2c994438-4a19-405a-9145-b8b7f00ddca5}</UniqueIdentifier>
    </Filter>
    <Filter Include="Core\Network\Object">
      <UniqueIdentifier>{f5c2739e-ebec-4859-a594-d7e11c1dc890}</UniqueIdentifier>
    </Filter>
    <Filter Include="Core\Network\Socket">
      <UniqueIdentifier>{500c6004-bac0-471e-aa92-a0263141e626}</UniqueIdentifier>
    </Filter>
    <Filter Include="Core\Buffer">
      <UniqueIdentifier>{ba0f0e31-4260-4154-9d4c-e20c409f93b2}</UniqueIdentifier>
    </Filter>
    <Filter Include="Core\Exception">
      <UniqueIdentifier>{21363eb6-0e1c-482e-8eba-ebf2a59a0854}</UniqueIdentifier>
    </Filter>
    <Filter Include="Core\Memory">
      <UniqueIdentifier>{d7b7c95e-d4c0-4882-a363-21eda929ebfb}</UniqueIdentifier>
    </Filter>
    <Filter Include="Core\Packet">
      <UniqueIdentifier>{d49ca617-2e43-47a9-82d7-71ebf6da7545}</UniqueIdentifier>
    </Filter>
    <Filter Include="Core\Protocol">
      <UniqueIdentifier>{7b2178f2-9770-4989-9ab8-6ebf566e3468}</UniqueIdentifier>
    </Filter>
    <Filter Include="Core\Service">
      <UniqueIdentifier>{d5ef0f87-f79d-472d-a8be-921482bb7bbe}</UniqueIdentifier>
    </Filter>
    <Filter Include="Core\Session">
      <UniqueIdentifier>{8b87d5a8-1e8d-43f3-8e79-e2dba4721f51}</UniqueIdentifier>
    </Filter>
    <Filter Include="Common">
      <UniqueIdentifier>{abb55291-904e-4eac-81b4-04576542c177}</UniqueIdentifier>
    </Filter>
    <Filter Include="Types">
      <UniqueIdentifier>{f3a5d98c-294b-433e-9abc-14a2829ffa46}</UniqueIdentifier>
    </Filter>
    <Filter Include="Main">
      <UniqueIdentifier>{28128423-bfe3-4d5a-a58b-82333c4d0b0a}</UniqueIdentifier>
    </Filter>
    <Filter Include="Utils">
      <UniqueIdentifier>{b4e403ce-b700-4cb2-8069-215a377cdda1}</UniqueIdentifier>
    </Filter>
    <Filter Include="Core\Repository">
      <UniqueIdentifier>{76cc0be5-4192-4c5e-9ff4-3318bb139188}</UniqueIdentifier>
    </Filter>
    <Filter Include="Core\Network\Handshake">
      <UniqueIdentifier>{7f52113c-0848-4467-b3b6-cf5968c08149}</UniqueIdentifier>
    </Filter>
    <Filter Include="Core\Context">
      <UniqueIdentifier>{7e0ad7d3-0d14-4e8d-b924-f3c6670e2f6a}</UniqueIdentifier>
    </Filter>
    <Filter Include="Core\Actor">
      <UniqueIdentifier>{29a3626b-f726-4525-bb38-6ddc133ea089}</UniqueIdentifier>
    </Filter>
    <Filter Include="Core\Database">
      <UniqueIdentifier>{fea54945-713f-4a9b-8217-7d132b6157ff}</UniqueIdentifier>
    </Filter>
  </ItemGroup>
  <ItemGroup>
    <ClInclude Include="ThirdParty\Tinyxml2\tinyxml2.h">
      <Filter>ThirdParty\tinyxml2</Filter>
    </ClInclude>
    <ClInclude Include="ThirdParty\MagicEnum\magic_enum.hpp">
      <Filter>ThirdParty\MagicEnum</Filter>
    </ClInclude>
    <ClInclude Include="ThirdParty\MagicEnum\magic_enum_containers.hpp">
      <Filter>ThirdParty\MagicEnum</Filter>
    </ClInclude>
    <ClInclude Include="ThirdParty\MagicEnum\magic_enum_format.hpp">
      <Filter>ThirdParty\MagicEnum</Filter>
    </ClInclude>
    <ClInclude Include="ThirdParty\MagicEnum\magic_enum_fuse.hpp">
      <Filter>ThirdParty\MagicEnum</Filter>
    </ClInclude>
    <ClInclude Include="ThirdParty\MagicEnum\magic_enum_switch.hpp">
      <Filter>ThirdParty\MagicEnum</Filter>
    </ClInclude>
    <ClInclude Include="Types\DateTime.h">
      <Filter>Types</Filter>
    </ClInclude>
    <ClInclude Include="Types\EndPoint.h">
      <Filter>Types</Filter>
    </ClInclude>
    <ClInclude Include="Types\Timer.h">
      <Filter>Types</Filter>
    </ClInclude>
    <ClInclude Include="Core\CoreDefine.h">
      <Filter>Core</Filter>
    </ClInclude>
    <ClInclude Include="Core\CoreMacro.h">
      <Filter>Core</Filter>
    </ClInclude>
    <ClInclude Include="Core\CorePch.h">
      <Filter>Core</Filter>
    </ClInclude>
    <ClInclude Include="Core\CoreStl.h">
      <Filter>Core</Filter>
    </ClInclude>
    <ClInclude Include="Core\CoreStruct.h">
      <Filter>Core</Filter>
    </ClInclude>
    <ClInclude Include="Core\Network\Socket\TcpActiveSocket.h">
      <Filter>Core\Network\Socket</Filter>
    </ClInclude>
    <ClInclude Include="Core\Network\Socket\TcpListenerSocket.h">
      <Filter>Core\Network\Socket</Filter>
    </ClInclude>
    <ClInclude Include="Core\Network\Socket\TcpSocket.h">
      <Filter>Core\Network\Socket</Filter>
    </ClInclude>
    <ClInclude Include="Core\Network\IO\IoEvent.h">
      <Filter>Core\Network\IO</Filter>
    </ClInclude>
    <ClInclude Include="Core\Network\Object\TcpListener.h">
      <Filter>Core\Network\Object</Filter>
    </ClInclude>
    <ClInclude Include="Core\Network\Object\TcpListenerBuilder.h">
      <Filter>Core\Network\Object</Filter>
    </ClInclude>
    <ClInclude Include="Core\Network\Object\TcpListenerNetwork.h">
      <Filter>Core\Network\Object</Filter>
    </ClInclude>
    <ClInclude Include="Core\Network\Object\TcpNetwork.h">
      <Filter>Core\Network\Object</Filter>
    </ClInclude>
    <ClInclude Include="Core\Buffer\BufferSegment.h">
      <Filter>Core\Buffer</Filter>
    </ClInclude>
    <ClInclude Include="Core\Buffer\BufferSource.h">
      <Filter>Core\Buffer</Filter>
    </ClInclude>
    <ClInclude Include="Core\Buffer\NetworkStream.h">
      <Filter>Core\Buffer</Filter>
    </ClInclude>
    <ClInclude Include="Core\Buffer\RecvBuffer.h">
      <Filter>Core\Buffer</Filter>
    </ClInclude>
    <ClInclude Include="Core\Buffer\SendBuffer.h">
      <Filter>Core\Buffer</Filter>
    </ClInclude>
    <ClInclude Include="Core\Exception\PacketException.h">
      <Filter>Core\Exception</Filter>
    </ClInclude>
    <ClInclude Include="Core\Exception\SehException.h">
      <Filter>Core\Exception</Filter>
    </ClInclude>
    <ClInclude Include="Core\Memory\MemoryPool.h">
      <Filter>Core\Memory</Filter>
    </ClInclude>
    <ClInclude Include="Core\Memory\PoolObject.h">
      <Filter>Core\Memory</Filter>
    </ClInclude>
    <ClInclude Include="Core\Memory\TlsMemory.h">
      <Filter>Core\Memory</Filter>
    </ClInclude>
    <ClInclude Include="Core\Packet\GamePacketInstaller.h">
      <Filter>Core\Packet</Filter>
    </ClInclude>
    <ClInclude Include="Core\Packet\PacketHandler.h">
      <Filter>Core\Packet</Filter>
    </ClInclude>
    <ClInclude Include="Core\Packet\PacketHeader.h">
      <Filter>Core\Packet</Filter>
    </ClInclude>
    <ClInclude Include="Core\Protocol\Protocol.h">
      <Filter>Core\Protocol</Filter>
    </ClInclude>
    <ClInclude Include="Core\Service\ClientService.h">
      <Filter>Core\Service</Filter>
    </ClInclude>
    <ClInclude Include="Core\Service\ServerService.h">
      <Filter>Core\Service</Filter>
    </ClInclude>
    <ClInclude Include="Core\Service\ServiceBase.h">
      <Filter>Core\Service</Filter>
    </ClInclude>
    <ClInclude Include="Core\Session\ClientSession.h">
      <Filter>Core\Session</Filter>
    </ClInclude>
    <ClInclude Include="Core\Session\ServerSession.h">
      <Filter>Core\Session</Filter>
    </ClInclude>
    <ClInclude Include="Core\Session\Session.h">
      <Filter>Core\Session</Filter>
    </ClInclude>
    <ClInclude Include="Core\Session\SessionManager.h">
      <Filter>Core\Session</Filter>
    </ClInclude>
    <ClInclude Include="pch.h">
      <Filter>Main</Filter>
    </ClInclude>
    <ClInclude Include="Common\Common.h">
      <Filter>Common</Filter>
    </ClInclude>
    <ClInclude Include="Common\Logger.h">
      <Filter>Common</Filter>
    </ClInclude>
    <ClInclude Include="Common\Serializer.h">
      <Filter>Common</Filter>
    </ClInclude>
    <ClInclude Include="Common\StdMutex.h">
      <Filter>Common</Filter>
    </ClInclude>
    <ClInclude Include="Common\StringBuffer.h">
      <Filter>Common</Filter>
    </ClInclude>
    <ClInclude Include="Types\Types.h">
      <Filter>Types</Filter>
    </ClInclude>
    <ClInclude Include="Utils\Crypto.h">
      <Filter>Utils</Filter>
    </ClInclude>
    <ClInclude Include="Utils\Enums.h">
      <Filter>Utils</Filter>
    </ClInclude>
    <ClInclude Include="Utils\NetUtils.h">
      <Filter>Utils</Filter>
    </ClInclude>
    <ClInclude Include="Utils\StringUtils.h">
      <Filter>Utils</Filter>
    </ClInclude>
    <ClInclude Include="Utils\SystemUtils.h">
      <Filter>Utils</Filter>
    </ClInclude>
    <ClInclude Include="Utils\TimeUtils.h">
      <Filter>Utils</Filter>
    </ClInclude>
    <ClInclude Include="Utils\Utils.h">
      <Filter>Utils</Filter>
    </ClInclude>
    <ClInclude Include="Utils\Xml.h">
      <Filter>Utils</Filter>
    </ClInclude>
    <ClInclude Include="Common\Singleton.h">
      <Filter>Common</Filter>
    </ClInclude>
    <ClInclude Include="Core\Network\Object\TcpNetworkEvent.h">
      <Filter>Core\Network\Object</Filter>
    </ClInclude>
    <ClInclude Include="Core\Protocol\InternalProtocol.h">
      <Filter>Core\Protocol</Filter>
    </ClInclude>
    <ClInclude Include="Core\Packet\InternalPacketHandler.h">
      <Filter>Core\Packet</Filter>
    </ClInclude>
    <ClInclude Include="Core\framework.h">
      <Filter>Core</Filter>
    </ClInclude>
    <ClInclude Include="Core\Repository\Entity.h">
      <Filter>Core\Repository</Filter>
    </ClInclude>
    <ClInclude Include="Core\Repository\EntityException.h">
      <Filter>Core\Repository</Filter>
    </ClInclude>
    <ClInclude Include="Core\Repository\PersistentRepository.h">
      <Filter>Core\Repository</Filter>
    </ClInclude>
    <ClInclude Include="Core\Repository\Repository.h">
      <Filter>Core\Repository</Filter>
    </ClInclude>
    <ClInclude Include="Core\Repository\RepositoryException.h">
      <Filter>Core\Repository</Filter>
    </ClInclude>
    <ClInclude Include="Utils\Reflection.h">
      <Filter>Utils</Filter>
    </ClInclude>
    <ClInclude Include="Common\Config.h">
      <Filter>Common</Filter>
    </ClInclude>
    <ClInclude Include="Core\Service\ServerServiceBuilder.h">
      <Filter>Core\Service</Filter>
    </ClInclude>
    <ClInclude Include="Common\Builder.h">
      <Filter>Common</Filter>
    </ClInclude>
    <ClInclude Include="Core\Service\ClientServiceBuilder.h">
      <Filter>Core\Service</Filter>
    </ClInclude>
    <ClInclude Include="Common\ServerCommon.h">
      <Filter>Common</Filter>
    </ClInclude>
    <ClInclude Include="Common\ClientCommon.h">
      <Filter>Common</Filter>
    </ClInclude>
    <ClInclude Include="Core\Network\Handshake\Authenticate.h">
      <Filter>Core\Network\Handshake</Filter>
    </ClInclude>
    <ClInclude Include="Core\Network\Handshake\ClientHandshake.h">
      <Filter>Core\Network\Handshake</Filter>
    </ClInclude>
    <ClInclude Include="Core\Network\Handshake\Handshake.h">
      <Filter>Core\Network\Handshake</Filter>
    </ClInclude>
    <ClInclude Include="Core\Network\Handshake\ServerHandshake.h">
      <Filter>Core\Network\Handshake</Filter>
    </ClInclude>
    <ClInclude Include="Core\Network\Object\TcpConnector.h">
      <Filter>Core\Network\Object</Filter>
    </ClInclude>
    <ClInclude Include="Core\Actor\Actor.h">
      <Filter>Core\Actor</Filter>
    </ClInclude>
    <ClInclude Include="Core\Actor\Task.h">
      <Filter>Core\Actor</Filter>
    </ClInclude>
    <ClInclude Include="Core\Actor\TaskAsync.h">
      <Filter>Core\Actor</Filter>
    </ClInclude>
    <ClInclude Include="Core\Actor\TaskQueue.h">
      <Filter>Core\Actor</Filter>
    </ClInclude>
    <ClInclude Include="Core\Context\ThreadContext.h">
      <Filter>Core\Context</Filter>
    </ClInclude>
    <ClInclude Include="Core\Context\ExecutionContext.h">
      <Filter>Core\Context</Filter>
    </ClInclude>
    <ClInclude Include="Core\Context\IoContext.h">
      <Filter>Core\Context</Filter>
    </ClInclude>
    <ClInclude Include="Core\Database\DatabaseManager.h">
      <Filter>Core\Database</Filter>
    </ClInclude>
    <ClInclude Include="Core\Database\DBConnection.h">
      <Filter>Core\Database</Filter>
    </ClInclude>
    <ClInclude Include="Core\Database\DBConnectionPool.h">
      <Filter>Core\Database</Filter>
    </ClInclude>
    <ClInclude Include="Core\Database\DBStatement.h">
      <Filter>Core\Database</Filter>
    </ClInclude>
    <ClInclude Include="Core\Database\DBTransaction.h">
      <Filter>Core\Database</Filter>
    </ClInclude>
    <ClInclude Include="Core\Database\DBUtils.h">
      <Filter>Core\Database</Filter>
    </ClInclude>
    <ClInclude Include="Common\ThreadStaticSingleton.h">
      <Filter>Common</Filter>
    </ClInclude>
  </ItemGroup>
  <ItemGroup>
    <ClCompile Include="ThirdParty\Tinyxml2\tinyxml2.cpp">
      <Filter>ThirdParty\tinyxml2</Filter>
    </ClCompile>
    <ClCompile Include="Types\DateTime.cpp">
      <Filter>Types</Filter>
    </ClCompile>
    <ClCompile Include="Types\EndPoint.cpp">
      <Filter>Types</Filter>
    </ClCompile>
    <ClCompile Include="Core\Network\Socket\TcpActiveSocket.cpp">
      <Filter>Core\Network\Socket</Filter>
    </ClCompile>
    <ClCompile Include="Core\Network\Socket\TcpListenerSocket.cpp">
      <Filter>Core\Network\Socket</Filter>
    </ClCompile>
    <ClCompile Include="Core\Network\Socket\TcpSocket.cpp">
      <Filter>Core\Network\Socket</Filter>
    </ClCompile>
    <ClCompile Include="Core\Network\IO\IoEvent.cpp">
      <Filter>Core\Network\IO</Filter>
    </ClCompile>
    <ClCompile Include="Core\Network\Object\TcpListener.cpp">
      <Filter>Core\Network\Object</Filter>
    </ClCompile>
    <ClCompile Include="Core\Network\Object\TcpListenerBuilder.cpp">
      <Filter>Core\Network\Object</Filter>
    </ClCompile>
    <ClCompile Include="Core\Network\Object\TcpListenerNetwork.cpp">
      <Filter>Core\Network\Object</Filter>
    </ClCompile>
    <ClCompile Include="Core\Network\Object\TcpNetwork.cpp">
      <Filter>Core\Network\Object</Filter>
    </ClCompile>
    <ClCompile Include="Core\Buffer\BufferSegment.cpp">
      <Filter>Core\Buffer</Filter>
    </ClCompile>
    <ClCompile Include="Core\Buffer\BufferSource.cpp">
      <Filter>Core\Buffer</Filter>
    </ClCompile>
    <ClCompile Include="Core\Buffer\NetworkStream.cpp">
      <Filter>Core\Buffer</Filter>
    </ClCompile>
    <ClCompile Include="Core\Buffer\RecvBuffer.cpp">
      <Filter>Core\Buffer</Filter>
    </ClCompile>
    <ClCompile Include="Core\Buffer\SendBuffer.cpp">
      <Filter>Core\Buffer</Filter>
    </ClCompile>
    <ClCompile Include="Core\Exception\SehException.cpp">
      <Filter>Core\Exception</Filter>
    </ClCompile>
    <ClCompile Include="Core\Memory\MemoryPool.cpp">
      <Filter>Core\Memory</Filter>
    </ClCompile>
    <ClCompile Include="Core\Memory\PoolObject.cpp">
      <Filter>Core\Memory</Filter>
    </ClCompile>
    <ClCompile Include="Core\Memory\TlsMemory.cpp">
      <Filter>Core\Memory</Filter>
    </ClCompile>
    <ClCompile Include="Core\Packet\GamePacketInstaller.cpp">
      <Filter>Core\Packet</Filter>
    </ClCompile>
    <ClCompile Include="Core\Packet\PacketHandler.cpp">
      <Filter>Core\Packet</Filter>
    </ClCompile>
    <ClCompile Include="Core\Packet\PacketHeader.cpp">
      <Filter>Core\Packet</Filter>
    </ClCompile>
    <ClCompile Include="Core\Protocol\Protocol.cpp">
      <Filter>Core\Protocol</Filter>
    </ClCompile>
    <ClCompile Include="Core\Service\ClientService.cpp">
      <Filter>Core\Service</Filter>
    </ClCompile>
    <ClCompile Include="Core\Service\ServerService.cpp">
      <Filter>Core\Service</Filter>
    </ClCompile>
    <ClCompile Include="Core\Service\ServiceBase.cpp">
      <Filter>Core\Service</Filter>
    </ClCompile>
    <ClCompile Include="Core\Session\ClientSession.cpp">
      <Filter>Core\Session</Filter>
    </ClCompile>
    <ClCompile Include="Core\Session\ServerSession.cpp">
      <Filter>Core\Session</Filter>
    </ClCompile>
    <ClCompile Include="Core\Session\Session.cpp">
      <Filter>Core\Session</Filter>
    </ClCompile>
    <ClCompile Include="Core\Session\SessionManager.cpp">
      <Filter>Core\Session</Filter>
    </ClCompile>
    <ClCompile Include="pch.cpp">
      <Filter>Main</Filter>
    </ClCompile>
    <ClCompile Include="Common\Logger.cpp">
      <Filter>Common</Filter>
    </ClCompile>
    <ClCompile Include="Common\Serializer.cpp">
      <Filter>Common</Filter>
    </ClCompile>
    <ClCompile Include="Common\StdMutex.cpp">
      <Filter>Common</Filter>
    </ClCompile>
    <ClCompile Include="Common\StringBuffer.cpp">
      <Filter>Common</Filter>
    </ClCompile>
    <ClCompile Include="Utils\Crypto.cpp">
      <Filter>Utils</Filter>
    </ClCompile>
    <ClCompile Include="Utils\Enums.cpp">
      <Filter>Utils</Filter>
    </ClCompile>
    <ClCompile Include="Utils\NetUtils.cpp">
      <Filter>Utils</Filter>
    </ClCompile>
    <ClCompile Include="Utils\StringUtils.cpp">
      <Filter>Utils</Filter>
    </ClCompile>
    <ClCompile Include="Utils\SystemUtils.cpp">
      <Filter>Utils</Filter>
    </ClCompile>
    <ClCompile Include="Utils\TimeUtils.cpp">
      <Filter>Utils</Filter>
    </ClCompile>
    <ClCompile Include="Utils\Xml.cpp">
      <Filter>Utils</Filter>
    </ClCompile>
    <ClCompile Include="Core\Network\Object\TcpNetworkEvent.cpp">
      <Filter>Core\Network\Object</Filter>
    </ClCompile>
    <ClCompile Include="Core\Protocol\InternalProtocol.cpp">
      <Filter>Core\Protocol</Filter>
    </ClCompile>
    <ClCompile Include="Core\Packet\InternalPacketHandler.cpp">
      <Filter>Core\Packet</Filter>
    </ClCompile>
    <ClCompile Include="Core\CorePch.cpp">
      <Filter>Core</Filter>
    </ClCompile>
    <ClCompile Include="Core\Repository\Entity.cpp">
      <Filter>Core\Repository</Filter>
    </ClCompile>
    <ClCompile Include="Core\Repository\EntityException.cpp">
      <Filter>Core\Repository</Filter>
    </ClCompile>
    <ClCompile Include="Core\Repository\PersistentRepository.cpp">
      <Filter>Core\Repository</Filter>
    </ClCompile>
    <ClCompile Include="Core\Repository\Repository.cpp">
      <Filter>Core\Repository</Filter>
    </ClCompile>
    <ClCompile Include="Core\Repository\RepositoryException.cpp">
      <Filter>Core\Repository</Filter>
    </ClCompile>
    <ClCompile Include="Utils\Reflection.cpp">
      <Filter>Utils</Filter>
    </ClCompile>
    <ClCompile Include="Common\Config.cpp">
      <Filter>Common</Filter>
    </ClCompile>
    <ClCompile Include="Core\Service\ServerServiceBuilder.cpp">
      <Filter>Core\Service</Filter>
    </ClCompile>
    <ClCompile Include="Common\Builder.cpp">
      <Filter>Common</Filter>
    </ClCompile>
    <ClCompile Include="Core\Service\ClientServiceBuilder.cpp">
      <Filter>Core\Service</Filter>
    </ClCompile>
    <ClCompile Include="Core\Network\Handshake\Authenticate.cpp">
      <Filter>Core\Network\Handshake</Filter>
    </ClCompile>
    <ClCompile Include="Core\Network\Handshake\ClientHandshake.cpp">
      <Filter>Core\Network\Handshake</Filter>
    </ClCompile>
    <ClCompile Include="Core\Network\Handshake\Handshake.cpp">
      <Filter>Core\Network\Handshake</Filter>
    </ClCompile>
    <ClCompile Include="Core\Network\Handshake\ServerHandshake.cpp">
      <Filter>Core\Network\Handshake</Filter>
    </ClCompile>
    <ClCompile Include="Core\Network\Object\TcpConnector.cpp">
      <Filter>Core\Network\Object</Filter>
    </ClCompile>
    <ClCompile Include="Core\Actor\Actor.cpp">
      <Filter>Core\Actor</Filter>
    </ClCompile>
    <ClCompile Include="Core\Actor\Task.cpp">
      <Filter>Core\Actor</Filter>
    </ClCompile>
    <ClCompile Include="Core\Actor\TaskAsync.cpp">
      <Filter>Core\Actor</Filter>
    </ClCompile>
    <ClCompile Include="Core\Actor\TaskQueue.cpp">
      <Filter>Core\Actor</Filter>
    </ClCompile>
    <ClCompile Include="Core\Context\ThreadContext.cpp">
      <Filter>Core\Context</Filter>
    </ClCompile>
    <ClCompile Include="Core\Context\ExecutionContext.cpp">
      <Filter>Core\Context</Filter>
    </ClCompile>
    <ClCompile Include="Core\Context\IoContext.cpp">
      <Filter>Core\Context</Filter>
    </ClCompile>
    <ClCompile Include="Core\Database\DatabaseManager.cpp">
      <Filter>Core\Database</Filter>
    </ClCompile>
    <ClCompile Include="Core\Database\DBConnection.cpp">
      <Filter>Core\Database</Filter>
    </ClCompile>
    <ClCompile Include="Core\Database\DBConnectionPool.cpp">
      <Filter>Core\Database</Filter>
    </ClCompile>
    <ClCompile Include="Core\Database\DBStatement.cpp">
      <Filter>Core\Database</Filter>
    </ClCompile>
    <ClCompile Include="Core\Database\DBTransaction.cpp">
      <Filter>Core\Database</Filter>
    </ClCompile>
  </ItemGroup>
  <ItemGroup>
    <None Include="..\..\.gitignore" />
    <None Include="..\..\README.md" />
  </ItemGroup>
</Project>