<?xml version="1.0" encoding="utf-8"?>
<Project ToolsVersion="4.0" xmlns="http://schemas.microsoft.com/developer/msbuild/2003">
  <ItemGroup>
    <Filter Include="main">
      <UniqueIdentifier>{e85987d0-4e77-408c-a686-441e4020b8bd}</UniqueIdentifier>
    </Filter>
    <Filter Include="ClientPacketHandler">
      <UniqueIdentifier>{c371cfa9-6be2-44d6-a99e-e6cc88ceadf3}</UniqueIdentifier>
    </Filter>
    <Filter Include="PlayerSession">
      <UniqueIdentifier>{2209b4a7-b2d0-4c89-bfa6-cc6e27d2637b}</UniqueIdentifier>
    </Filter>
    <Filter Include="UserProtocol">
      <UniqueIdentifier>{5ab8cf10-7825-474f-8a05-27c5e9564945}</UniqueIdentifier>
    </Filter>
    <Filter Include="UserProtocol\Protobuf">
      <UniqueIdentifier>{6b1f9bab-1ccb-4743-a955-576df80ec5c2}</UniqueIdentifier>
    </Filter>
  </ItemGroup>
  <ItemGroup>
    <ClCompile Include="Program.cpp">
      <Filter>main</Filter>
    </ClCompile>
    <ClCompile Include="stdafx.cpp" />
    <ClCompile Include="ClientPacketHandler.cpp">
      <Filter>ClientPacketHandler</Filter>
    </ClCompile>
    <ClCompile Include="PlayerSession.cpp">
      <Filter>PlayerSession</Filter>
    </ClCompile>
    <ClCompile Include="..\..\Include\protocol\Enum.pb.cc">
      <Filter>UserProtocol\Protobuf</Filter>
    </ClCompile>
    <ClCompile Include="..\..\Include\protocol\Struct.pb.cc">
      <Filter>UserProtocol\Protobuf</Filter>
    </ClCompile>
    <ClCompile Include="..\..\Include\protocol\UserProtocol.pb.cc">
      <Filter>UserProtocol\Protobuf</Filter>
    </ClCompile>
    <ClCompile Include="..\..\Include\protocol\UserProtocolHandler.cpp">
      <Filter>UserProtocol</Filter>
    </ClCompile>
  </ItemGroup>
  <ItemGroup>
    <ClInclude Include="stdafx.h" />
    <ClInclude Include="ClientPacketHandler.h">
      <Filter>ClientPacketHandler</Filter>
    </ClInclude>
    <ClInclude Include="PlayerSession.h">
      <Filter>PlayerSession</Filter>
    </ClInclude>
    <ClInclude Include="..\..\Include\protocol\Enum.pb.h">
      <Filter>UserProtocol\Protobuf</Filter>
    </ClInclude>
    <ClInclude Include="..\..\Include\protocol\Struct.pb.h">
      <Filter>UserProtocol\Protobuf</Filter>
    </ClInclude>
    <ClInclude Include="..\..\Include\protocol\UserProtocol.pb.h">
      <Filter>UserProtocol\Protobuf</Filter>
    </ClInclude>
    <ClInclude Include="..\..\Include\protocol\UserProtocolHandler.h">
      <Filter>UserProtocol</Filter>
    </ClInclude>
  </ItemGroup>
  <ItemGroup>
    <None Include="..\..\Struct.proto">
      <Filter>UserProtocol</Filter>
    </None>
    <None Include="..\..\UserProtocol.proto">
      <Filter>UserProtocol</Filter>
    </None>
    <None Include="..\..\Enum.proto">
      <Filter>UserProtocol</Filter>
    </None>
  </ItemGroup>
</Project>